// !$*UTF8*$!
{
	archiveVersion = 1;
	classes = {
	};
	objectVersion = 50;
	objects = {

/* Begin PBXBuildFile section */
		8B0A96972733357000522E92 /* CollectionVC + Extension.swift in Sources */ = {isa = PBXBuildFile; fileRef = 8B0A96962733357000522E92 /* CollectionVC + Extension.swift */; };
		8B0BED0627331D790035F658 /* CollectionViewCell.swift in Sources */ = {isa = PBXBuildFile; fileRef = 8B0BED0427331D790035F658 /* CollectionViewCell.swift */; };
		8B0BED0727331D790035F658 /* CollectionViewCell.xib in Resources */ = {isa = PBXBuildFile; fileRef = 8B0BED0527331D790035F658 /* CollectionViewCell.xib */; };
		8B45EA432731C5A200C5AA49 /* AppDelegate.swift in Sources */ = {isa = PBXBuildFile; fileRef = 8B45EA422731C5A200C5AA49 /* AppDelegate.swift */; };
		8B45EA452731C5A200C5AA49 /* SceneDelegate.swift in Sources */ = {isa = PBXBuildFile; fileRef = 8B45EA442731C5A200C5AA49 /* SceneDelegate.swift */; };
		8B45EA472731C5A200C5AA49 /* CollectionViewController.swift in Sources */ = {isa = PBXBuildFile; fileRef = 8B45EA462731C5A200C5AA49 /* CollectionViewController.swift */; };
		8B45EA4A2731C5A200C5AA49 /* Main.storyboard in Resources */ = {isa = PBXBuildFile; fileRef = 8B45EA482731C5A200C5AA49 /* Main.storyboard */; };
		8B45EA4C2731C5AA00C5AA49 /* Assets.xcassets in Resources */ = {isa = PBXBuildFile; fileRef = 8B45EA4B2731C5AA00C5AA49 /* Assets.xcassets */; };
		8B45EA4F2731C5AA00C5AA49 /* LaunchScreen.storyboard in Resources */ = {isa = PBXBuildFile; fileRef = 8B45EA4D2731C5AA00C5AA49 /* LaunchScreen.storyboard */; };
		8BF3004B27356CE300FA534A /* NetworkManager.swift in Sources */ = {isa = PBXBuildFile; fileRef = 8BF3004A27356CE300FA534A /* NetworkManager.swift */; };
		8BF3005127356EB300FA534A /* MainNetworkManager.swift in Sources */ = {isa = PBXBuildFile; fileRef = 8BF3005027356EB300FA534A /* MainNetworkManager.swift */; };
		8BF30055273575B900FA534A /* MainNeworkManagerResponse.swift in Sources */ = {isa = PBXBuildFile; fileRef = 8BF30054273575B900FA534A /* MainNeworkManagerResponse.swift */; };
/* End PBXBuildFile section */

/* Begin PBXFileReference section */
		8B0A96962733357000522E92 /* CollectionVC + Extension.swift */ = {isa = PBXFileReference; lastKnownFileType = sourcecode.swift; path = "CollectionVC + Extension.swift"; sourceTree = "<group>"; };
		8B0BED0427331D790035F658 /* CollectionViewCell.swift */ = {isa = PBXFileReference; lastKnownFileType = sourcecode.swift; path = CollectionViewCell.swift; sourceTree = "<group>"; };
		8B0BED0527331D790035F658 /* CollectionViewCell.xib */ = {isa = PBXFileReference; lastKnownFileType = file.xib; path = CollectionViewCell.xib; sourceTree = "<group>"; };
		8B45EA3F2731C5A200C5AA49 /* BGSoftTZ.app */ = {isa = PBXFileReference; explicitFileType = wrapper.application; includeInIndex = 0; path = BGSoftTZ.app; sourceTree = BUILT_PRODUCTS_DIR; };
		8B45EA422731C5A200C5AA49 /* AppDelegate.swift */ = {isa = PBXFileReference; lastKnownFileType = sourcecode.swift; path = AppDelegate.swift; sourceTree = "<group>"; };
		8B45EA442731C5A200C5AA49 /* SceneDelegate.swift */ = {isa = PBXFileReference; lastKnownFileType = sourcecode.swift; path = SceneDelegate.swift; sourceTree = "<group>"; };
		8B45EA462731C5A200C5AA49 /* CollectionViewController.swift */ = {isa = PBXFileReference; lastKnownFileType = sourcecode.swift; path = CollectionViewController.swift; sourceTree = "<group>"; };
		8B45EA492731C5A200C5AA49 /* Base */ = {isa = PBXFileReference; lastKnownFileType = file.storyboard; name = Base; path = Base.lproj/Main.storyboard; sourceTree = "<group>"; };
		8B45EA4B2731C5AA00C5AA49 /* Assets.xcassets */ = {isa = PBXFileReference; lastKnownFileType = folder.assetcatalog; path = Assets.xcassets; sourceTree = "<group>"; };
		8B45EA4E2731C5AA00C5AA49 /* Base */ = {isa = PBXFileReference; lastKnownFileType = file.storyboard; name = Base; path = Base.lproj/LaunchScreen.storyboard; sourceTree = "<group>"; };
		8B45EA502731C5AA00C5AA49 /* Info.plist */ = {isa = PBXFileReference; lastKnownFileType = text.plist.xml; path = Info.plist; sourceTree = "<group>"; };
		8BF3004A27356CE300FA534A /* NetworkManager.swift */ = {isa = PBXFileReference; lastKnownFileType = sourcecode.swift; path = NetworkManager.swift; sourceTree = "<group>"; };
		8BF3005027356EB300FA534A /* MainNetworkManager.swift */ = {isa = PBXFileReference; lastKnownFileType = sourcecode.swift; path = MainNetworkManager.swift; sourceTree = "<group>"; };
		8BF30054273575B900FA534A /* MainNeworkManagerResponse.swift */ = {isa = PBXFileReference; lastKnownFileType = sourcecode.swift; path = MainNeworkManagerResponse.swift; sourceTree = "<group>"; };
/* End PBXFileReference section */

/* Begin PBXFrameworksBuildPhase section */
		8B45EA3C2731C5A200C5AA49 /* Frameworks */ = {
			isa = PBXFrameworksBuildPhase;
			buildActionMask = 2147483647;
			files = (
			);
			runOnlyForDeploymentPostprocessing = 0;
		};
/* End PBXFrameworksBuildPhase section */

/* Begin PBXGroup section */
		8B0A96952733354F00522E92 /* Extension */ = {
			isa = PBXGroup;
			children = (
				8B0A96962733357000522E92 /* CollectionVC + Extension.swift */,
			);
			path = Extension;
			sourceTree = "<group>";
		};
		8B0BED0927331D7D0035F658 /* Cell */ = {
			isa = PBXGroup;
			children = (
				8B0BED0427331D790035F658 /* CollectionViewCell.swift */,
				8B0BED0527331D790035F658 /* CollectionViewCell.xib */,
			);
			path = Cell;
			sourceTree = "<group>";
		};
		8B45EA362731C5A100C5AA49 = {
			isa = PBXGroup;
			children = (
				8B45EA412731C5A200C5AA49 /* BGSoftTZ */,
				8B45EA402731C5A200C5AA49 /* Products */,
			);
			sourceTree = "<group>";
		};
		8B45EA402731C5A200C5AA49 /* Products */ = {
			isa = PBXGroup;
			children = (
				8B45EA3F2731C5A200C5AA49 /* BGSoftTZ.app */,
			);
			name = Products;
			sourceTree = "<group>";
		};
		8B45EA412731C5A200C5AA49 /* BGSoftTZ */ = {
			isa = PBXGroup;
			children = (
				8B45EA572731CF5900C5AA49 /* Application */,
				8B45EA5E2731CF7C00C5AA49 /* MainScreen */,
				8B45EA5F2731CF8700C5AA49 /* SupportingFiles */,
			);
			path = BGSoftTZ;
			sourceTree = "<group>";
		};
		8B45EA572731CF5900C5AA49 /* Application */ = {
			isa = PBXGroup;
			children = (
				8B45EA5A2731CF6B00C5AA49 /* Model */,
				8B45EA592731CF6700C5AA49 /* View */,
				8B45EA582731CF6100C5AA49 /* Controller */,
				8BF3004927356CC400FA534A /* NetworkManager */,
			);
			path = Application;
			sourceTree = "<group>";
		};
		8B45EA582731CF6100C5AA49 /* Controller */ = {
			isa = PBXGroup;
			children = (
				8B45EA422731C5A200C5AA49 /* AppDelegate.swift */,
				8B45EA442731C5A200C5AA49 /* SceneDelegate.swift */,
			);
			path = Controller;
			sourceTree = "<group>";
		};
		8B45EA592731CF6700C5AA49 /* View */ = {
			isa = PBXGroup;
			children = (
				8B45EA482731C5A200C5AA49 /* Main.storyboard */,
				8B45EA4D2731C5AA00C5AA49 /* LaunchScreen.storyboard */,
			);
			path = View;
			sourceTree = "<group>";
		};
		8B45EA5A2731CF6B00C5AA49 /* Model */ = {
			isa = PBXGroup;
			children = (
			);
			path = Model;
			sourceTree = "<group>";
		};
		8B45EA5E2731CF7C00C5AA49 /* MainScreen */ = {
			isa = PBXGroup;
			children = (
				8BBA5A622732DD4C00B284C2 /* Model */,
				8BBA5A612732DD4700B284C2 /* View */,
				8BBA5A602732DD3C00B284C2 /* Controller */,
				8BF3004E27356E7C00FA534A /* MainNetworkManager */,
			);
			path = MainScreen;
			sourceTree = "<group>";
		};
		8B45EA5F2731CF8700C5AA49 /* SupportingFiles */ = {
			isa = PBXGroup;
			children = (
				8B45EA4B2731C5AA00C5AA49 /* Assets.xcassets */,
				8B45EA502731C5AA00C5AA49 /* Info.plist */,
			);
			path = SupportingFiles;
			sourceTree = "<group>";
		};
		8BBA5A602732DD3C00B284C2 /* Controller */ = {
			isa = PBXGroup;
			children = (
				8B45EA462731C5A200C5AA49 /* CollectionViewController.swift */,
			);
			path = Controller;
			sourceTree = "<group>";
		};
		8BBA5A612732DD4700B284C2 /* View */ = {
			isa = PBXGroup;
			children = (
				8BF300532735756900FA534A /* Response */,
				8B0A96952733354F00522E92 /* Extension */,
				8B0BED0927331D7D0035F658 /* Cell */,
			);
			path = View;
			sourceTree = "<group>";
		};
		8BBA5A622732DD4C00B284C2 /* Model */ = {
			isa = PBXGroup;
			children = (
			);
			path = Model;
			sourceTree = "<group>";
		};
		8BF3004927356CC400FA534A /* NetworkManager */ = {
			isa = PBXGroup;
			children = (
				8BF3004A27356CE300FA534A /* NetworkManager.swift */,
			);
			path = NetworkManager;
			sourceTree = "<group>";
		};
		8BF3004E27356E7C00FA534A /* MainNetworkManager */ = {
			isa = PBXGroup;
			children = (
				8BF3005027356EB300FA534A /* MainNetworkManager.swift */,
			);
			path = MainNetworkManager;
			sourceTree = "<group>";
		};
		8BF300532735756900FA534A /* Response */ = {
			isa = PBXGroup;
			children = (
				8BF30054273575B900FA534A /* MainNeworkManagerResponse.swift */,
			);
			path = Response;
			sourceTree = "<group>";
		};
/* End PBXGroup section */

/* Begin PBXNativeTarget section */
		8B45EA3E2731C5A200C5AA49 /* BGSoftTZ */ = {
			isa = PBXNativeTarget;
			buildConfigurationList = 8B45EA532731C5AA00C5AA49 /* Build configuration list for PBXNativeTarget "BGSoftTZ" */;
			buildPhases = (
				8B45EA3B2731C5A200C5AA49 /* Sources */,
				8B45EA3C2731C5A200C5AA49 /* Frameworks */,
				8B45EA3D2731C5A200C5AA49 /* Resources */,
			);
			buildRules = (
			);
			dependencies = (
			);
			name = BGSoftTZ;
			productName = BGSoftTZ;
			productReference = 8B45EA3F2731C5A200C5AA49 /* BGSoftTZ.app */;
			productType = "com.apple.product-type.application";
		};
/* End PBXNativeTarget section */

/* Begin PBXProject section */
		8B45EA372731C5A100C5AA49 /* Project object */ = {
			isa = PBXProject;
			attributes = {
				LastSwiftUpdateCheck = 1210;
				LastUpgradeCheck = 1210;
				TargetAttributes = {
					8B45EA3E2731C5A200C5AA49 = {
						CreatedOnToolsVersion = 12.1;
					};
				};
			};
			buildConfigurationList = 8B45EA3A2731C5A100C5AA49 /* Build configuration list for PBXProject "BGSoftTZ" */;
			compatibilityVersion = "Xcode 9.3";
			developmentRegion = en;
			hasScannedForEncodings = 0;
			knownRegions = (
				en,
				Base,
			);
			mainGroup = 8B45EA362731C5A100C5AA49;
			productRefGroup = 8B45EA402731C5A200C5AA49 /* Products */;
			projectDirPath = "";
			projectRoot = "";
			targets = (
				8B45EA3E2731C5A200C5AA49 /* BGSoftTZ */,
			);
		};
/* End PBXProject section */

/* Begin PBXResourcesBuildPhase section */
		8B45EA3D2731C5A200C5AA49 /* Resources */ = {
			isa = PBXResourcesBuildPhase;
			buildActionMask = 2147483647;
			files = (
				8B45EA4F2731C5AA00C5AA49 /* LaunchScreen.storyboard in Resources */,
				8B45EA4C2731C5AA00C5AA49 /* Assets.xcassets in Resources */,
				8B0BED0727331D790035F658 /* CollectionViewCell.xib in Resources */,
				8B45EA4A2731C5A200C5AA49 /* Main.storyboard in Resources */,
			);
			runOnlyForDeploymentPostprocessing = 0;
		};
/* End PBXResourcesBuildPhase section */

/* Begin PBXSourcesBuildPhase section */
		8B45EA3B2731C5A200C5AA49 /* Sources */ = {
			isa = PBXSourcesBuildPhase;
			buildActionMask = 2147483647;
			files = (
				8BF3004B27356CE300FA534A /* NetworkManager.swift in Sources */,
				8B0A96972733357000522E92 /* CollectionVC + Extension.swift in Sources */,
				8B45EA472731C5A200C5AA49 /* CollectionViewController.swift in Sources */,
				8B45EA432731C5A200C5AA49 /* AppDelegate.swift in Sources */,
				8B0BED0627331D790035F658 /* CollectionViewCell.swift in Sources */,
				8B45EA452731C5A200C5AA49 /* SceneDelegate.swift in Sources */,
				8BF3005127356EB300FA534A /* MainNetworkManager.swift in Sources */,
				8BF30055273575B900FA534A /* MainNeworkManagerResponse.swift in Sources */,
			);
			runOnlyForDeploymentPostprocessing = 0;
		};
/* End PBXSourcesBuildPhase section */

/* Begin PBXVariantGroup section */
		8B45EA482731C5A200C5AA49 /* Main.storyboard */ = {
			isa = PBXVariantGroup;
			children = (
				8B45EA492731C5A200C5AA49 /* Base */,
			);
			name = Main.storyboard;
			sourceTree = "<group>";
		};
		8B45EA4D2731C5AA00C5AA49 /* LaunchScreen.storyboard */ = {
			isa = PBXVariantGroup;
			children = (
				8B45EA4E2731C5AA00C5AA49 /* Base */,
			);
			name = LaunchScreen.storyboard;
			sourceTree = "<group>";
		};
/* End PBXVariantGroup section */

/* Begin XCBuildConfiguration section */
		8B45EA512731C5AA00C5AA49 /* Debug */ = {
			isa = XCBuildConfiguration;
			buildSettings = {
				ALWAYS_SEARCH_USER_PATHS = NO;
				CLANG_ANALYZER_NONNULL = YES;
				CLANG_ANALYZER_NUMBER_OBJECT_CONVERSION = YES_AGGRESSIVE;
				CLANG_CXX_LANGUAGE_STANDARD = "gnu++14";
				CLANG_CXX_LIBRARY = "libc++";
				CLANG_ENABLE_MODULES = YES;
				CLANG_ENABLE_OBJC_ARC = YES;
				CLANG_ENABLE_OBJC_WEAK = YES;
				CLANG_WARN_BLOCK_CAPTURE_AUTORELEASING = YES;
				CLANG_WARN_BOOL_CONVERSION = YES;
				CLANG_WARN_COMMA = YES;
				CLANG_WARN_CONSTANT_CONVERSION = YES;
				CLANG_WARN_DEPRECATED_OBJC_IMPLEMENTATIONS = YES;
				CLANG_WARN_DIRECT_OBJC_ISA_USAGE = YES_ERROR;
				CLANG_WARN_DOCUMENTATION_COMMENTS = YES;
				CLANG_WARN_EMPTY_BODY = YES;
				CLANG_WARN_ENUM_CONVERSION = YES;
				CLANG_WARN_INFINITE_RECURSION = YES;
				CLANG_WARN_INT_CONVERSION = YES;
				CLANG_WARN_NON_LITERAL_NULL_CONVERSION = YES;
				CLANG_WARN_OBJC_IMPLICIT_RETAIN_SELF = YES;
				CLANG_WARN_OBJC_LITERAL_CONVERSION = YES;
				CLANG_WARN_OBJC_ROOT_CLASS = YES_ERROR;
				CLANG_WARN_QUOTED_INCLUDE_IN_FRAMEWORK_HEADER = YES;
				CLANG_WARN_RANGE_LOOP_ANALYSIS = YES;
				CLANG_WARN_STRICT_PROTOTYPES = YES;
				CLANG_WARN_SUSPICIOUS_MOVE = YES;
				CLANG_WARN_UNGUARDED_AVAILABILITY = YES_AGGRESSIVE;
				CLANG_WARN_UNREACHABLE_CODE = YES;
				CLANG_WARN__DUPLICATE_METHOD_MATCH = YES;
				COPY_PHASE_STRIP = NO;
				DEBUG_INFORMATION_FORMAT = dwarf;
				ENABLE_STRICT_OBJC_MSGSEND = YES;
				ENABLE_TESTABILITY = YES;
				GCC_C_LANGUAGE_STANDARD = gnu11;
				GCC_DYNAMIC_NO_PIC = NO;
				GCC_NO_COMMON_BLOCKS = YES;
				GCC_OPTIMIZATION_LEVEL = 0;
				GCC_PREPROCESSOR_DEFINITIONS = (
					"DEBUG=1",
					"$(inherited)",
				);
				GCC_WARN_64_TO_32_BIT_CONVERSION = YES;
				GCC_WARN_ABOUT_RETURN_TYPE = YES_ERROR;
				GCC_WARN_UNDECLARED_SELECTOR = YES;
				GCC_WARN_UNINITIALIZED_AUTOS = YES_AGGRESSIVE;
				GCC_WARN_UNUSED_FUNCTION = YES;
				GCC_WARN_UNUSED_VARIABLE = YES;
				IPHONEOS_DEPLOYMENT_TARGET = 14.1;
				MTL_ENABLE_DEBUG_INFO = INCLUDE_SOURCE;
				MTL_FAST_MATH = YES;
				ONLY_ACTIVE_ARCH = YES;
				SDKROOT = iphoneos;
				SWIFT_ACTIVE_COMPILATION_CONDITIONS = DEBUG;
				SWIFT_OPTIMIZATION_LEVEL = "-Onone";
			};
			name = Debug;
		};
		8B45EA522731C5AA00C5AA49 /* Release */ = {
			isa = XCBuildConfiguration;
			buildSettings = {
				ALWAYS_SEARCH_USER_PATHS = NO;
				CLANG_ANALYZER_NONNULL = YES;
				CLANG_ANALYZER_NUMBER_OBJECT_CONVERSION = YES_AGGRESSIVE;
				CLANG_CXX_LANGUAGE_STANDARD = "gnu++14";
				CLANG_CXX_LIBRARY = "libc++";
				CLANG_ENABLE_MODULES = YES;
				CLANG_ENABLE_OBJC_ARC = YES;
				CLANG_ENABLE_OBJC_WEAK = YES;
				CLANG_WARN_BLOCK_CAPTURE_AUTORELEASING = YES;
				CLANG_WARN_BOOL_CONVERSION = YES;
				CLANG_WARN_COMMA = YES;
				CLANG_WARN_CONSTANT_CONVERSION = YES;
				CLANG_WARN_DEPRECATED_OBJC_IMPLEMENTATIONS = YES;
				CLANG_WARN_DIRECT_OBJC_ISA_USAGE = YES_ERROR;
				CLANG_WARN_DOCUMENTATION_COMMENTS = YES;
				CLANG_WARN_EMPTY_BODY = YES;
				CLANG_WARN_ENUM_CONVERSION = YES;
				CLANG_WARN_INFINITE_RECURSION = YES;
				CLANG_WARN_INT_CONVERSION = YES;
				CLANG_WARN_NON_LITERAL_NULL_CONVERSION = YES;
				CLANG_WARN_OBJC_IMPLICIT_RETAIN_SELF = YES;
				CLANG_WARN_OBJC_LITERAL_CONVERSION = YES;
				CLANG_WARN_OBJC_ROOT_CLASS = YES_ERROR;
				CLANG_WARN_QUOTED_INCLUDE_IN_FRAMEWORK_HEADER = YES;
				CLANG_WARN_RANGE_LOOP_ANALYSIS = YES;
				CLANG_WARN_STRICT_PROTOTYPES = YES;
				CLANG_WARN_SUSPICIOUS_MOVE = YES;
				CLANG_WARN_UNGUARDED_AVAILABILITY = YES_AGGRESSIVE;
				CLANG_WARN_UNREACHABLE_CODE = YES;
				CLANG_WARN__DUPLICATE_METHOD_MATCH = YES;
				COPY_PHASE_STRIP = NO;
				DEBUG_INFORMATION_FORMAT = "dwarf-with-dsym";
				ENABLE_NS_ASSERTIONS = NO;
				ENABLE_STRICT_OBJC_MSGSEND = YES;
				GCC_C_LANGUAGE_STANDARD = gnu11;
				GCC_NO_COMMON_BLOCKS = YES;
				GCC_WARN_64_TO_32_BIT_CONVERSION = YES;
				GCC_WARN_ABOUT_RETURN_TYPE = YES_ERROR;
				GCC_WARN_UNDECLARED_SELECTOR = YES;
				GCC_WARN_UNINITIALIZED_AUTOS = YES_AGGRESSIVE;
				GCC_WARN_UNUSED_FUNCTION = YES;
				GCC_WARN_UNUSED_VARIABLE = YES;
				IPHONEOS_DEPLOYMENT_TARGET = 14.1;
				MTL_ENABLE_DEBUG_INFO = NO;
				MTL_FAST_MATH = YES;
				SDKROOT = iphoneos;
				SWIFT_COMPILATION_MODE = wholemodule;
				SWIFT_OPTIMIZATION_LEVEL = "-O";
				VALIDATE_PRODUCT = YES;
			};
			name = Release;
		};
		8B45EA542731C5AA00C5AA49 /* Debug */ = {
			isa = XCBuildConfiguration;
			buildSettings = {
				ASSETCATALOG_COMPILER_APPICON_NAME = AppIcon;
				ASSETCATALOG_COMPILER_GLOBAL_ACCENT_COLOR_NAME = AccentColor;
				CODE_SIGN_STYLE = Automatic;
				DEVELOPMENT_TEAM = 27XLCNX4SV;
				INFOPLIST_FILE = BGSoftTZ/SupportingFiles/Info.plist;
				LD_RUNPATH_SEARCH_PATHS = (
					"$(inherited)",
					"@executable_path/Frameworks",
				);
				PRODUCT_BUNDLE_IDENTIFIER = com.artem.BGSoftTZ;
				PRODUCT_NAME = "$(TARGET_NAME)";
				SWIFT_VERSION = 5.0;
				TARGETED_DEVICE_FAMILY = "1,2";
			};
			name = Debug;
		};
		8B45EA552731C5AA00C5AA49 /* Release */ = {
			isa = XCBuildConfiguration;
			buildSettings = {
				ASSETCATALOG_COMPILER_APPICON_NAME = AppIcon;
				ASSETCATALOG_COMPILER_GLOBAL_ACCENT_COLOR_NAME = AccentColor;
				CODE_SIGN_STYLE = Automatic;
				DEVELOPMENT_TEAM = 27XLCNX4SV;
				INFOPLIST_FILE = BGSoftTZ/SupportingFiles/Info.plist;
				LD_RUNPATH_SEARCH_PATHS = (
					"$(inherited)",
					"@executable_path/Frameworks",
				);
				PRODUCT_BUNDLE_IDENTIFIER = com.artem.BGSoftTZ;
				PRODUCT_NAME = "$(TARGET_NAME)";
				SWIFT_VERSION = 5.0;
				TARGETED_DEVICE_FAMILY = "1,2";
			};
			name = Release;
		};
/* End XCBuildConfiguration section */

/* Begin XCConfigurationList section */
		8B45EA3A2731C5A100C5AA49 /* Build configuration list for PBXProject "BGSoftTZ" */ = {
			isa = XCConfigurationList;
			buildConfigurations = (
				8B45EA512731C5AA00C5AA49 /* Debug */,
				8B45EA522731C5AA00C5AA49 /* Release */,
			);
			defaultConfigurationIsVisible = 0;
			defaultConfigurationName = Release;
		};
		8B45EA532731C5AA00C5AA49 /* Build configuration list for PBXNativeTarget "BGSoftTZ" */ = {
			isa = XCConfigurationList;
			buildConfigurations = (
				8B45EA542731C5AA00C5AA49 /* Debug */,
				8B45EA552731C5AA00C5AA49 /* Release */,
			);
			defaultConfigurationIsVisible = 0;
			defaultConfigurationName = Release;
		};
/* End XCConfigurationList section */
	};
	rootObject = 8B45EA372731C5A100C5AA49 /* Project object */;
}
